
Microsoft Visual Studio Solution File, Format Version 12.00
# Visual Studio 15
VisualStudioVersion = 15.0.27703.2047
MinimumVisualStudioVersion = 10.0.40219.1
Project("{FAE04EC0-301F-11D3-BF4B-00C04F79EFBC}") = "Cpu", "Cpu.csproj", "{7F8A3397-8E0A-4DE2-A795-0078C244B7AB}"
EndProject
Global
	GlobalSection(SolutionConfigurationPlatforms) = preSolution
		Debug|Any CPU = Debug|Any CPU
		Release|Any CPU = Release|Any CPU
	EndGlobalSection
	GlobalSection(ProjectConfigurationPlatforms) = postSolution
		{7F8A3397-8E0A-4DE2-A795-0078C244B7AB}.Debug|Any CPU.ActiveCfg = Debug|Any CPU
		{7F8A3397-8E0A-4DE2-A795-0078C244B7AB}.Debug|Any CPU.Build.0 = Debug|Any CPU
		{7F8A3397-8E0A-4DE2-A795-0078C244B7AB}.Release|Any CPU.ActiveCfg = Release|Any CPU
		{7F8A3397-8E0A-4DE2-A795-0078C244B7AB}.Release|Any CPU.Build.0 = Release|Any CPU
	EndGlobalSection
	GlobalSection(SolutionProperties) = preSolution
		HideSolutionNode = FALSE
	EndGlobalSection
	GlobalSection(ExtensibilityGlobals) = postSolution
		SolutionGuid = {BC556116-6E17-4892-B77A-F1BCCBC94BF2}
	EndGlobalSection
EndGlobal
